// !$*UTF8*$!
{
	archiveVersion = 1;
	classes = {
	};
	objectVersion = 46;
	objects = {

/* Begin PBXBuildFile section */
		126BE1471B6A4F1B0043BB44 /* AppDelegate.swift in Sources */ = {isa = PBXBuildFile; fileRef = 126BE1461B6A4F1B0043BB44 /* AppDelegate.swift */; };
		126BE1491B6A4F1B0043BB44 /* ViewController.swift in Sources */ = {isa = PBXBuildFile; fileRef = 126BE1481B6A4F1B0043BB44 /* ViewController.swift */; };
		126BE14C1B6A4F1B0043BB44 /* Main.storyboard in Resources */ = {isa = PBXBuildFile; fileRef = 126BE14A1B6A4F1B0043BB44 /* Main.storyboard */; };
		126BE14E1B6A4F1B0043BB44 /* Assets.xcassets in Resources */ = {isa = PBXBuildFile; fileRef = 126BE14D1B6A4F1B0043BB44 /* Assets.xcassets */; };
		126BE1511B6A4F1B0043BB44 /* LaunchScreen.storyboard in Resources */ = {isa = PBXBuildFile; fileRef = 126BE14F1B6A4F1B0043BB44 /* LaunchScreen.storyboard */; };
		126BE1811B6A69EB0043BB44 /* CollectionViewCell.swift in Sources */ = {isa = PBXBuildFile; fileRef = 126BE1801B6A69EB0043BB44 /* CollectionViewCell.swift */; };
		126BE1831B6A6E5A0043BB44 /* DetailViewController.swift in Sources */ = {isa = PBXBuildFile; fileRef = 126BE1821B6A6E5A0043BB44 /* DetailViewController.swift */; };
		DE1516C71D9981790088C734 /* 1capricorn.jpg in Resources */ = {isa = PBXBuildFile; fileRef = DE1516BB1D9981790088C734 /* 1capricorn.jpg */; };
		DE1516C81D9981790088C734 /* 2aquarius.jpg in Resources */ = {isa = PBXBuildFile; fileRef = DE1516BC1D9981790088C734 /* 2aquarius.jpg */; };
		DE1516C91D9981790088C734 /* 3pisces.jpg in Resources */ = {isa = PBXBuildFile; fileRef = DE1516BD1D9981790088C734 /* 3pisces.jpg */; };
		DE1516CA1D9981790088C734 /* 4aries.jpg in Resources */ = {isa = PBXBuildFile; fileRef = DE1516BE1D9981790088C734 /* 4aries.jpg */; };
		DE1516CB1D9981790088C734 /* 5taurus.jpg in Resources */ = {isa = PBXBuildFile; fileRef = DE1516BF1D9981790088C734 /* 5taurus.jpg */; };
		DE1516CC1D9981790088C734 /* 6gemini.jpg in Resources */ = {isa = PBXBuildFile; fileRef = DE1516C01D9981790088C734 /* 6gemini.jpg */; };
		DE1516CD1D9981790088C734 /* 7cancer.jpg in Resources */ = {isa = PBXBuildFile; fileRef = DE1516C11D9981790088C734 /* 7cancer.jpg */; };
		DE1516CE1D9981790088C734 /* 8leo.jpg in Resources */ = {isa = PBXBuildFile; fileRef = DE1516C21D9981790088C734 /* 8leo.jpg */; };
		DE1516CF1D9981790088C734 /* 9virgo.jpg in Resources */ = {isa = PBXBuildFile; fileRef = DE1516C31D9981790088C734 /* 9virgo.jpg */; };
		DE1516D01D9981790088C734 /* 10libra.jpg in Resources */ = {isa = PBXBuildFile; fileRef = DE1516C41D9981790088C734 /* 10libra.jpg */; };
		DE1516D11D9981790088C734 /* 11scorpio.jpg in Resources */ = {isa = PBXBuildFile; fileRef = DE1516C51D9981790088C734 /* 11scorpio.jpg */; };
		DE1516D21D9981790088C734 /* 12sagittarius.jpg in Resources */ = {isa = PBXBuildFile; fileRef = DE1516C61D9981790088C734 /* 12sagittarius.jpg */; };
		DE4E5CF51D99E948007834AF /* nightsky.jpg in Resources */ = {isa = PBXBuildFile; fileRef = DE4E5CF41D99E948007834AF /* nightsky.jpg */; };
		DE5566591DBD809100858CD0 /* SignUpViewController.swift in Sources */ = {isa = PBXBuildFile; fileRef = DE5566581DBD809100858CD0 /* SignUpViewController.swift */; };
		DE55665B1DBDBAE700858CD0 /* Cat.png in Resources */ = {isa = PBXBuildFile; fileRef = DE55665A1DBDBAE700858CD0 /* Cat.png */; };
/* End PBXBuildFile section */

/* Begin PBXContainerItemProxy section */
		126BE1581B6A4F1B0043BB44 /* PBXContainerItemProxy */ = {
			isa = PBXContainerItemProxy;
			containerPortal = 126BE13B1B6A4F1B0043BB44 /* Project object */;
			proxyType = 1;
			remoteGlobalIDString = 126BE1421B6A4F1B0043BB44;
			remoteInfo = CollectionView;
		};
		126BE1631B6A4F1B0043BB44 /* PBXContainerItemProxy */ = {
			isa = PBXContainerItemProxy;
			containerPortal = 126BE13B1B6A4F1B0043BB44 /* Project object */;
			proxyType = 1;
			remoteGlobalIDString = 126BE1421B6A4F1B0043BB44;
			remoteInfo = CollectionView;
		};
/* End PBXContainerItemProxy section */

/* Begin PBXFileReference section */
		126BE1431B6A4F1B0043BB44 /* CollectionViewMy.app */ = {isa = PBXFileReference; explicitFileType = wrapper.application; includeInIndex = 0; path = CollectionViewMy.app; sourceTree = BUILT_PRODUCTS_DIR; };
		126BE1461B6A4F1B0043BB44 /* AppDelegate.swift */ = {isa = PBXFileReference; lastKnownFileType = sourcecode.swift; path = AppDelegate.swift; sourceTree = "<group>"; };
		126BE1481B6A4F1B0043BB44 /* ViewController.swift */ = {isa = PBXFileReference; lastKnownFileType = sourcecode.swift; path = ViewController.swift; sourceTree = "<group>"; };
		126BE14B1B6A4F1B0043BB44 /* Base */ = {isa = PBXFileReference; lastKnownFileType = file.storyboard; name = Base; path = Base.lproj/Main.storyboard; sourceTree = "<group>"; };
		126BE14D1B6A4F1B0043BB44 /* Assets.xcassets */ = {isa = PBXFileReference; lastKnownFileType = folder.assetcatalog; path = Assets.xcassets; sourceTree = "<group>"; };
		126BE1501B6A4F1B0043BB44 /* Base */ = {isa = PBXFileReference; lastKnownFileType = file.storyboard; name = Base; path = Base.lproj/LaunchScreen.storyboard; sourceTree = "<group>"; };
		126BE1521B6A4F1B0043BB44 /* Info.plist */ = {isa = PBXFileReference; lastKnownFileType = text.plist.xml; path = Info.plist; sourceTree = "<group>"; };
		126BE1571B6A4F1B0043BB44 /* CollectionViewMyTests.xctest */ = {isa = PBXFileReference; explicitFileType = wrapper.cfbundle; includeInIndex = 0; path = CollectionViewMyTests.xctest; sourceTree = BUILT_PRODUCTS_DIR; };
		126BE1621B6A4F1B0043BB44 /* CollectionViewMyUITests.xctest */ = {isa = PBXFileReference; explicitFileType = wrapper.cfbundle; includeInIndex = 0; path = CollectionViewMyUITests.xctest; sourceTree = BUILT_PRODUCTS_DIR; };
		126BE1801B6A69EB0043BB44 /* CollectionViewCell.swift */ = {isa = PBXFileReference; fileEncoding = 4; lastKnownFileType = sourcecode.swift; path = CollectionViewCell.swift; sourceTree = "<group>"; };
		126BE1821B6A6E5A0043BB44 /* DetailViewController.swift */ = {isa = PBXFileReference; fileEncoding = 4; lastKnownFileType = sourcecode.swift; path = DetailViewController.swift; sourceTree = "<group>"; };
		DE1516BB1D9981790088C734 /* 1capricorn.jpg */ = {isa = PBXFileReference; lastKnownFileType = image.jpeg; path = 1capricorn.jpg; sourceTree = "<group>"; };
		DE1516BC1D9981790088C734 /* 2aquarius.jpg */ = {isa = PBXFileReference; lastKnownFileType = image.jpeg; path = 2aquarius.jpg; sourceTree = "<group>"; };
		DE1516BD1D9981790088C734 /* 3pisces.jpg */ = {isa = PBXFileReference; lastKnownFileType = image.jpeg; path = 3pisces.jpg; sourceTree = "<group>"; };
		DE1516BE1D9981790088C734 /* 4aries.jpg */ = {isa = PBXFileReference; lastKnownFileType = image.jpeg; path = 4aries.jpg; sourceTree = "<group>"; };
		DE1516BF1D9981790088C734 /* 5taurus.jpg */ = {isa = PBXFileReference; lastKnownFileType = image.jpeg; path = 5taurus.jpg; sourceTree = "<group>"; };
		DE1516C01D9981790088C734 /* 6gemini.jpg */ = {isa = PBXFileReference; lastKnownFileType = image.jpeg; path = 6gemini.jpg; sourceTree = "<group>"; };
		DE1516C11D9981790088C734 /* 7cancer.jpg */ = {isa = PBXFileReference; lastKnownFileType = image.jpeg; path = 7cancer.jpg; sourceTree = "<group>"; };
		DE1516C21D9981790088C734 /* 8leo.jpg */ = {isa = PBXFileReference; lastKnownFileType = image.jpeg; path = 8leo.jpg; sourceTree = "<group>"; };
		DE1516C31D9981790088C734 /* 9virgo.jpg */ = {isa = PBXFileReference; lastKnownFileType = image.jpeg; path = 9virgo.jpg; sourceTree = "<group>"; };
		DE1516C41D9981790088C734 /* 10libra.jpg */ = {isa = PBXFileReference; lastKnownFileType = image.jpeg; path = 10libra.jpg; sourceTree = "<group>"; };
		DE1516C51D9981790088C734 /* 11scorpio.jpg */ = {isa = PBXFileReference; lastKnownFileType = image.jpeg; path = 11scorpio.jpg; sourceTree = "<group>"; };
		DE1516C61D9981790088C734 /* 12sagittarius.jpg */ = {isa = PBXFileReference; lastKnownFileType = image.jpeg; path = 12sagittarius.jpg; sourceTree = "<group>"; };
		DE4E5CF41D99E948007834AF /* nightsky.jpg */ = {isa = PBXFileReference; lastKnownFileType = image.jpeg; name = nightsky.jpg; path = CollectionView/nightsky.jpg; sourceTree = "<group>"; };
		DE5566581DBD809100858CD0 /* SignUpViewController.swift */ = {isa = PBXFileReference; fileEncoding = 4; lastKnownFileType = sourcecode.swift; path = SignUpViewController.swift; sourceTree = "<group>"; };
		DE55665A1DBDBAE700858CD0 /* Cat.png */ = {isa = PBXFileReference; lastKnownFileType = image.png; path = Cat.png; sourceTree = "<group>"; };
/* End PBXFileReference section */

/* Begin PBXFrameworksBuildPhase section */
		126BE1401B6A4F1B0043BB44 /* Frameworks */ = {
			isa = PBXFrameworksBuildPhase;
			buildActionMask = 2147483647;
			files = (
			);
			runOnlyForDeploymentPostprocessing = 0;
		};
		126BE1541B6A4F1B0043BB44 /* Frameworks */ = {
			isa = PBXFrameworksBuildPhase;
			buildActionMask = 2147483647;
			files = (
			);
			runOnlyForDeploymentPostprocessing = 0;
		};
		126BE15F1B6A4F1B0043BB44 /* Frameworks */ = {
			isa = PBXFrameworksBuildPhase;
			buildActionMask = 2147483647;
			files = (
			);
			runOnlyForDeploymentPostprocessing = 0;
		};
/* End PBXFrameworksBuildPhase section */

/* Begin PBXGroup section */
		126BE13A1B6A4F1B0043BB44 = {
			isa = PBXGroup;
			children = (
				DE4E5CF41D99E948007834AF /* nightsky.jpg */,
				126BE1451B6A4F1B0043BB44 /* CollectionView */,
				126BE1441B6A4F1B0043BB44 /* Products */,
			);
			sourceTree = "<group>";
		};
		126BE1441B6A4F1B0043BB44 /* Products */ = {
			isa = PBXGroup;
			children = (
				126BE1431B6A4F1B0043BB44 /* CollectionViewMy.app */,
				126BE1571B6A4F1B0043BB44 /* CollectionViewMyTests.xctest */,
				126BE1621B6A4F1B0043BB44 /* CollectionViewMyUITests.xctest */,
			);
			name = Products;
			sourceTree = "<group>";
		};
		126BE1451B6A4F1B0043BB44 /* CollectionView */ = {
			isa = PBXGroup;
			children = (
				126BE1461B6A4F1B0043BB44 /* AppDelegate.swift */,
				126BE1481B6A4F1B0043BB44 /* ViewController.swift */,
				126BE1801B6A69EB0043BB44 /* CollectionViewCell.swift */,
				126BE1821B6A6E5A0043BB44 /* DetailViewController.swift */,
				126BE14A1B6A4F1B0043BB44 /* Main.storyboard */,
				DE1516BB1D9981790088C734 /* 1capricorn.jpg */,
				DE1516BC1D9981790088C734 /* 2aquarius.jpg */,
				DE1516BD1D9981790088C734 /* 3pisces.jpg */,
				DE1516BE1D9981790088C734 /* 4aries.jpg */,
				DE1516BF1D9981790088C734 /* 5taurus.jpg */,
				DE1516C01D9981790088C734 /* 6gemini.jpg */,
				DE1516C11D9981790088C734 /* 7cancer.jpg */,
				DE1516C21D9981790088C734 /* 8leo.jpg */,
				DE1516C31D9981790088C734 /* 9virgo.jpg */,
				DE1516C41D9981790088C734 /* 10libra.jpg */,
				DE1516C51D9981790088C734 /* 11scorpio.jpg */,
				DE1516C61D9981790088C734 /* 12sagittarius.jpg */,
				DE55665A1DBDBAE700858CD0 /* Cat.png */,
				126BE14D1B6A4F1B0043BB44 /* Assets.xcassets */,
				126BE14F1B6A4F1B0043BB44 /* LaunchScreen.storyboard */,
				126BE1521B6A4F1B0043BB44 /* Info.plist */,
				DE5566581DBD809100858CD0 /* SignUpViewController.swift */,
			);
			path = CollectionView;
			sourceTree = "<group>";
		};
/* End PBXGroup section */

/* Begin PBXNativeTarget section */
		126BE1421B6A4F1B0043BB44 /* CollectionViewMy */ = {
			isa = PBXNativeTarget;
			buildConfigurationList = 126BE16B1B6A4F1B0043BB44 /* Build configuration list for PBXNativeTarget "CollectionViewMy" */;
			buildPhases = (
				126BE13F1B6A4F1B0043BB44 /* Sources */,
				126BE1401B6A4F1B0043BB44 /* Frameworks */,
				126BE1411B6A4F1B0043BB44 /* Resources */,
			);
			buildRules = (
			);
			dependencies = (
			);
			name = CollectionViewMy;
			productName = CollectionView;
			productReference = 126BE1431B6A4F1B0043BB44 /* CollectionViewMy.app */;
			productType = "com.apple.product-type.application";
		};
		126BE1561B6A4F1B0043BB44 /* CollectionViewMyTests */ = {
			isa = PBXNativeTarget;
			buildConfigurationList = 126BE16E1B6A4F1B0043BB44 /* Build configuration list for PBXNativeTarget "CollectionViewMyTests" */;
			buildPhases = (
				126BE1531B6A4F1B0043BB44 /* Sources */,
				126BE1541B6A4F1B0043BB44 /* Frameworks */,
				126BE1551B6A4F1B0043BB44 /* Resources */,
			);
			buildRules = (
			);
			dependencies = (
				126BE1591B6A4F1B0043BB44 /* PBXTargetDependency */,
			);
			name = CollectionViewMyTests;
			productName = CollectionViewTests;
			productReference = 126BE1571B6A4F1B0043BB44 /* CollectionViewMyTests.xctest */;
			productType = "com.apple.product-type.bundle.unit-test";
		};
		126BE1611B6A4F1B0043BB44 /* CollectionViewMyUITests */ = {
			isa = PBXNativeTarget;
			buildConfigurationList = 126BE1711B6A4F1B0043BB44 /* Build configuration list for PBXNativeTarget "CollectionViewMyUITests" */;
			buildPhases = (
				126BE15E1B6A4F1B0043BB44 /* Sources */,
				126BE15F1B6A4F1B0043BB44 /* Frameworks */,
				126BE1601B6A4F1B0043BB44 /* Resources */,
			);
			buildRules = (
			);
			dependencies = (
				126BE1641B6A4F1B0043BB44 /* PBXTargetDependency */,
			);
			name = CollectionViewMyUITests;
			productName = CollectionViewUITests;
			productReference = 126BE1621B6A4F1B0043BB44 /* CollectionViewMyUITests.xctest */;
			productType = "com.apple.product-type.bundle.ui-testing";
		};
/* End PBXNativeTarget section */

/* Begin PBXProject section */
		126BE13B1B6A4F1B0043BB44 /* Project object */ = {
			isa = PBXProject;
			attributes = {
				LastUpgradeCheck = 0800;
				ORGANIZATIONNAME = Tester;
				TargetAttributes = {
					126BE1421B6A4F1B0043BB44 = {
						CreatedOnToolsVersion = 7.0;
						DevelopmentTeam = 686F8833J4;
						LastSwiftMigration = 0800;
					};
					126BE1561B6A4F1B0043BB44 = {
						CreatedOnToolsVersion = 7.0;
						DevelopmentTeam = 686F8833J4;
						LastSwiftMigration = 0800;
					};
					126BE1611B6A4F1B0043BB44 = {
						CreatedOnToolsVersion = 7.0;
						DevelopmentTeam = 686F8833J4;
						LastSwiftMigration = 0800;
						ProvisioningStyle = Automatic;
					};
				};
			};
			buildConfigurationList = 126BE13E1B6A4F1B0043BB44 /* Build configuration list for PBXProject "CollectionViewMy" */;
			compatibilityVersion = "Xcode 3.2";
			developmentRegion = English;
			hasScannedForEncodings = 0;
			knownRegions = (
				en,
				Base,
			);
			mainGroup = 126BE13A1B6A4F1B0043BB44;
			productRefGroup = 126BE1441B6A4F1B0043BB44 /* Products */;
			projectDirPath = "";
			projectRoot = "";
			targets = (
				126BE1421B6A4F1B0043BB44 /* CollectionViewMy */,
				126BE1561B6A4F1B0043BB44 /* CollectionViewMyTests */,
				126BE1611B6A4F1B0043BB44 /* CollectionViewMyUITests */,
			);
		};
/* End PBXProject section */

/* Begin PBXResourcesBuildPhase section */
		126BE1411B6A4F1B0043BB44 /* Resources */ = {
			isa = PBXResourcesBuildPhase;
			buildActionMask = 2147483647;
			files = (
				DE1516CB1D9981790088C734 /* 5taurus.jpg in Resources */,
				126BE1511B6A4F1B0043BB44 /* LaunchScreen.storyboard in Resources */,
				DE55665B1DBDBAE700858CD0 /* Cat.png in Resources */,
				DE1516C71D9981790088C734 /* 1capricorn.jpg in Resources */,
				DE1516CF1D9981790088C734 /* 9virgo.jpg in Resources */,
				DE1516CA1D9981790088C734 /* 4aries.jpg in Resources */,
				126BE14E1B6A4F1B0043BB44 /* Assets.xcassets in Resources */,
				DE1516C91D9981790088C734 /* 3pisces.jpg in Resources */,
				DE1516CE1D9981790088C734 /* 8leo.jpg in Resources */,
				DE1516D21D9981790088C734 /* 12sagittarius.jpg in Resources */,
				DE1516C81D9981790088C734 /* 2aquarius.jpg in Resources */,
				DE1516CD1D9981790088C734 /* 7cancer.jpg in Resources */,
				DE1516CC1D9981790088C734 /* 6gemini.jpg in Resources */,
				DE4E5CF51D99E948007834AF /* nightsky.jpg in Resources */,
				DE1516D11D9981790088C734 /* 11scorpio.jpg in Resources */,
				126BE14C1B6A4F1B0043BB44 /* Main.storyboard in Resources */,
				DE1516D01D9981790088C734 /* 10libra.jpg in Resources */,
			);
			runOnlyForDeploymentPostprocessing = 0;
		};
		126BE1551B6A4F1B0043BB44 /* Resources */ = {
			isa = PBXResourcesBuildPhase;
			buildActionMask = 2147483647;
			files = (
			);
			runOnlyForDeploymentPostprocessing = 0;
		};
		126BE1601B6A4F1B0043BB44 /* Resources */ = {
			isa = PBXResourcesBuildPhase;
			buildActionMask = 2147483647;
			files = (
			);
			runOnlyForDeploymentPostprocessing = 0;
		};
/* End PBXResourcesBuildPhase section */

/* Begin PBXSourcesBuildPhase section */
		126BE13F1B6A4F1B0043BB44 /* Sources */ = {
			isa = PBXSourcesBuildPhase;
			buildActionMask = 2147483647;
			files = (
				126BE1491B6A4F1B0043BB44 /* ViewController.swift in Sources */,
				126BE1471B6A4F1B0043BB44 /* AppDelegate.swift in Sources */,
				126BE1811B6A69EB0043BB44 /* CollectionViewCell.swift in Sources */,
				126BE1831B6A6E5A0043BB44 /* DetailViewController.swift in Sources */,
				DE5566591DBD809100858CD0 /* SignUpViewController.swift in Sources */,
			);
			runOnlyForDeploymentPostprocessing = 0;
		};
		126BE1531B6A4F1B0043BB44 /* Sources */ = {
			isa = PBXSourcesBuildPhase;
			buildActionMask = 2147483647;
			files = (
			);
			runOnlyForDeploymentPostprocessing = 0;
		};
		126BE15E1B6A4F1B0043BB44 /* Sources */ = {
			isa = PBXSourcesBuildPhase;
			buildActionMask = 2147483647;
			files = (
			);
			runOnlyForDeploymentPostprocessing = 0;
		};
/* End PBXSourcesBuildPhase section */

/* Begin PBXTargetDependency section */
		126BE1591B6A4F1B0043BB44 /* PBXTargetDependency */ = {
			isa = PBXTargetDependency;
			target = 126BE1421B6A4F1B0043BB44 /* CollectionViewMy */;
			targetProxy = 126BE1581B6A4F1B0043BB44 /* PBXContainerItemProxy */;
		};
		126BE1641B6A4F1B0043BB44 /* PBXTargetDependency */ = {
			isa = PBXTargetDependency;
			target = 126BE1421B6A4F1B0043BB44 /* CollectionViewMy */;
			targetProxy = 126BE1631B6A4F1B0043BB44 /* PBXContainerItemProxy */;
		};
/* End PBXTargetDependency section */

/* Begin PBXVariantGroup section */
		126BE14A1B6A4F1B0043BB44 /* Main.storyboard */ = {
			isa = PBXVariantGroup;
			children = (
				126BE14B1B6A4F1B0043BB44 /* Base */,
			);
			name = Main.storyboard;
			sourceTree = "<group>";
		};
		126BE14F1B6A4F1B0043BB44 /* LaunchScreen.storyboard */ = {
			isa = PBXVariantGroup;
			children = (
				126BE1501B6A4F1B0043BB44 /* Base */,
			);
			name = LaunchScreen.storyboard;
			sourceTree = "<group>";
		};
/* End PBXVariantGroup section */

/* Begin XCBuildConfiguration section */
		126BE1691B6A4F1B0043BB44 /* Debug */ = {
			isa = XCBuildConfiguration;
			buildSettings = {
				ALWAYS_SEARCH_USER_PATHS = NO;
				CLANG_CXX_LANGUAGE_STANDARD = "gnu++0x";
				CLANG_CXX_LIBRARY = "libc++";
				CLANG_ENABLE_MODULES = YES;
				CLANG_ENABLE_OBJC_ARC = YES;
				CLANG_WARN_BOOL_CONVERSION = YES;
				CLANG_WARN_CONSTANT_CONVERSION = YES;
				CLANG_WARN_DIRECT_OBJC_ISA_USAGE = YES_ERROR;
				CLANG_WARN_EMPTY_BODY = YES;
				CLANG_WARN_ENUM_CONVERSION = YES;
				CLANG_WARN_INFINITE_RECURSION = YES;
				CLANG_WARN_INT_CONVERSION = YES;
				CLANG_WARN_OBJC_ROOT_CLASS = YES_ERROR;
				CLANG_WARN_SUSPICIOUS_MOVE = YES;
				CLANG_WARN_UNREACHABLE_CODE = YES;
				CLANG_WARN__DUPLICATE_METHOD_MATCH = YES;
				"CODE_SIGN_IDENTITY[sdk=iphoneos*]" = "iPhone Developer";
				COPY_PHASE_STRIP = NO;
				DEBUG_INFORMATION_FORMAT = dwarf;
				ENABLE_STRICT_OBJC_MSGSEND = YES;
				ENABLE_TESTABILITY = YES;
				GCC_C_LANGUAGE_STANDARD = gnu99;
				GCC_DYNAMIC_NO_PIC = NO;
				GCC_NO_COMMON_BLOCKS = YES;
				GCC_OPTIMIZATION_LEVEL = 0;
				GCC_PREPROCESSOR_DEFINITIONS = (
					"DEBUG=1",
					"$(inherited)",
				);
				GCC_WARN_64_TO_32_BIT_CONVERSION = YES;
				GCC_WARN_ABOUT_RETURN_TYPE = YES_ERROR;
				GCC_WARN_UNDECLARED_SELECTOR = YES;
				GCC_WARN_UNINITIALIZED_AUTOS = YES_AGGRESSIVE;
				GCC_WARN_UNUSED_FUNCTION = YES;
				GCC_WARN_UNUSED_VARIABLE = YES;
				IPHONEOS_DEPLOYMENT_TARGET = 9.0;
				MTL_ENABLE_DEBUG_INFO = YES;
				ONLY_ACTIVE_ARCH = YES;
				SDKROOT = iphoneos;
				SWIFT_OPTIMIZATION_LEVEL = "-Onone";
				TARGETED_DEVICE_FAMILY = "1,2";
			};
			name = Debug;
		};
		126BE16A1B6A4F1B0043BB44 /* Release */ = {
			isa = XCBuildConfiguration;
			buildSettings = {
				ALWAYS_SEARCH_USER_PATHS = NO;
				CLANG_CXX_LANGUAGE_STANDARD = "gnu++0x";
				CLANG_CXX_LIBRARY = "libc++";
				CLANG_ENABLE_MODULES = YES;
				CLANG_ENABLE_OBJC_ARC = YES;
				CLANG_WARN_BOOL_CONVERSION = YES;
				CLANG_WARN_CONSTANT_CONVERSION = YES;
				CLANG_WARN_DIRECT_OBJC_ISA_USAGE = YES_ERROR;
				CLANG_WARN_EMPTY_BODY = YES;
				CLANG_WARN_ENUM_CONVERSION = YES;
				CLANG_WARN_INFINITE_RECURSION = YES;
				CLANG_WARN_INT_CONVERSION = YES;
				CLANG_WARN_OBJC_ROOT_CLASS = YES_ERROR;
				CLANG_WARN_SUSPICIOUS_MOVE = YES;
				CLANG_WARN_UNREACHABLE_CODE = YES;
				CLANG_WARN__DUPLICATE_METHOD_MATCH = YES;
				"CODE_SIGN_IDENTITY[sdk=iphoneos*]" = "iPhone Developer";
				COPY_PHASE_STRIP = NO;
				DEBUG_INFORMATION_FORMAT = "dwarf-with-dsym";
				ENABLE_NS_ASSERTIONS = NO;
				ENABLE_STRICT_OBJC_MSGSEND = YES;
				GCC_C_LANGUAGE_STANDARD = gnu99;
				GCC_NO_COMMON_BLOCKS = YES;
				GCC_WARN_64_TO_32_BIT_CONVERSION = YES;
				GCC_WARN_ABOUT_RETURN_TYPE = YES_ERROR;
				GCC_WARN_UNDECLARED_SELECTOR = YES;
				GCC_WARN_UNINITIALIZED_AUTOS = YES_AGGRESSIVE;
				GCC_WARN_UNUSED_FUNCTION = YES;
				GCC_WARN_UNUSED_VARIABLE = YES;
				IPHONEOS_DEPLOYMENT_TARGET = 9.0;
				MTL_ENABLE_DEBUG_INFO = NO;
				SDKROOT = iphoneos;
				SWIFT_OPTIMIZATION_LEVEL = "-Owholemodule";
				TARGETED_DEVICE_FAMILY = "1,2";
				VALIDATE_PRODUCT = YES;
			};
			name = Release;
		};
		126BE16C1B6A4F1B0043BB44 /* Debug */ = {
			isa = XCBuildConfiguration;
			buildSettings = {
				ASSETCATALOG_COMPILER_APPICON_NAME = AppIcon;
				DEVELOPMENT_TEAM = 686F8833J4;
				INFOPLIST_FILE = CollectionView/Info.plist;
				IPHONEOS_DEPLOYMENT_TARGET = 9.0;
				LD_RUNPATH_SEARCH_PATHS = "$(inherited) @executable_path/Frameworks";
				PRODUCT_BUNDLE_IDENTIFIER = com.kravchenko.CollectionViewMy;
				PRODUCT_NAME = "$(TARGET_NAME)";
				SWIFT_VERSION = 3.0;
			};
			name = Debug;
		};
		126BE16D1B6A4F1B0043BB44 /* Release */ = {
			isa = XCBuildConfiguration;
			buildSettings = {
				ASSETCATALOG_COMPILER_APPICON_NAME = AppIcon;
				DEVELOPMENT_TEAM = 686F8833J4;
				INFOPLIST_FILE = CollectionView/Info.plist;
				IPHONEOS_DEPLOYMENT_TARGET = 9.0;
				LD_RUNPATH_SEARCH_PATHS = "$(inherited) @executable_path/Frameworks";
				PRODUCT_BUNDLE_IDENTIFIER = com.kravchenko.CollectionViewMy;
				PRODUCT_NAME = "$(TARGET_NAME)";
				SWIFT_VERSION = 3.0;
			};
			name = Release;
		};
		126BE16F1B6A4F1B0043BB44 /* Debug */ = {
			isa = XCBuildConfiguration;
			buildSettings = {
				ALWAYS_EMBED_SWIFT_STANDARD_LIBRARIES = YES;
				DEVELOPMENT_TEAM = 686F8833J4;
				INFOPLIST_FILE = CollectionViewTests/Info.plist;
				LD_RUNPATH_SEARCH_PATHS = "$(inherited) @executable_path/Frameworks @loader_path/Frameworks";
				PRODUCT_BUNDLE_IDENTIFIER = com.geekylemon.CollectionViewTests;
				PRODUCT_NAME = "$(TARGET_NAME)";
				SWIFT_VERSION = 3.0;
			};
			name = Debug;
		};
		126BE1701B6A4F1B0043BB44 /* Release */ = {
			isa = XCBuildConfiguration;
			buildSettings = {
				ALWAYS_EMBED_SWIFT_STANDARD_LIBRARIES = YES;
				DEVELOPMENT_TEAM = 686F8833J4;
				INFOPLIST_FILE = CollectionViewTests/Info.plist;
				LD_RUNPATH_SEARCH_PATHS = "$(inherited) @executable_path/Frameworks @loader_path/Frameworks";
				PRODUCT_BUNDLE_IDENTIFIER = com.geekylemon.CollectionViewTests;
				PRODUCT_NAME = "$(TARGET_NAME)";
				SWIFT_VERSION = 3.0;
			};
			name = Release;
		};
		126BE1721B6A4F1B0043BB44 /* Debug */ = {
			isa = XCBuildConfiguration;
			buildSettings = {
				"CODE_SIGN_IDENTITY[sdk=iphoneos*]" = "iPhone Developer";
				DEVELOPMENT_TEAM = 686F8833J4;
				INFOPLIST_FILE = CollectionViewUITests/Info.plist;
				LD_RUNPATH_SEARCH_PATHS = "$(inherited) @executable_path/Frameworks @loader_path/Frameworks";
				PRODUCT_BUNDLE_IDENTIFIER = com.geekylemon.CollectionViewUITests;
				PRODUCT_NAME = "$(TARGET_NAME)";
				PROVISIONING_PROFILE = "";
				SWIFT_VERSION = 3.0;
				USES_XCTRUNNER = YES;
			};
			name = Debug;
		};
		126BE1731B6A4F1B0043BB44 /* Release */ = {
			isa = XCBuildConfiguration;
			buildSettings = {
				"CODE_SIGN_IDENTITY[sdk=iphoneos*]" = "iPhone Developer";
				DEVELOPMENT_TEAM = 686F8833J4;
				INFOPLIST_FILE = CollectionViewUITests/Info.plist;
				LD_RUNPATH_SEARCH_PATHS = "$(inherited) @executable_path/Frameworks @loader_path/Frameworks";
				PRODUCT_BUNDLE_IDENTIFIER = com.geekylemon.CollectionViewUITests;
				PRODUCT_NAME = "$(TARGET_NAME)";
				PROVISIONING_PROFILE = "";
				SWIFT_VERSION = 3.0;
				USES_XCTRUNNER = YES;
			};
			name = Release;
		};
/* End XCBuildConfiguration section */

/* Begin XCConfigurationList section */
		126BE13E1B6A4F1B0043BB44 /* Build configuration list for PBXProject "CollectionViewMy" */ = {
			isa = XCConfigurationList;
			buildConfigurations = (
				126BE1691B6A4F1B0043BB44 /* Debug */,
				126BE16A1B6A4F1B0043BB44 /* Release */,
			);
			defaultConfigurationIsVisible = 0;
			defaultConfigurationName = Debug;
		};
		126BE16B1B6A4F1B0043BB44 /* Build configuration list for PBXNativeTarget "CollectionViewMy" */ = {
			isa = XCConfigurationList;
			buildConfigurations = (
				126BE16C1B6A4F1B0043BB44 /* Debug */,
				126BE16D1B6A4F1B0043BB44 /* Release */,
			);
			defaultConfigurationIsVisible = 0;
			defaultConfigurationName = Debug;
		};
		126BE16E1B6A4F1B0043BB44 /* Build configuration list for PBXNativeTarget "CollectionViewMyTests" */ = {
			isa = XCConfigurationList;
			buildConfigurations = (
				126BE16F1B6A4F1B0043BB44 /* Debug */,
				126BE1701B6A4F1B0043BB44 /* Release */,
			);
			defaultConfigurationIsVisible = 0;
			defaultConfigurationName = Debug;
		};
		126BE1711B6A4F1B0043BB44 /* Build configuration list for PBXNativeTarget "CollectionViewMyUITests" */ = {
			isa = XCConfigurationList;
			buildConfigurations = (
				126BE1721B6A4F1B0043BB44 /* Debug */,
				126BE1731B6A4F1B0043BB44 /* Release */,
			);
			defaultConfigurationIsVisible = 0;
			defaultConfigurationName = Debug;
		};
/* End XCConfigurationList section */
	};
	rootObject = 126BE13B1B6A4F1B0043BB44 /* Project object */;
}
